// !$*UTF8*$!
{
	archiveVersion = 1;
	classes = {
	};
	objectVersion = 50;
	objects = {

/* Begin PBXBuildFile section */
		A6E1F51B24AED2EB009C3A22 /* Assets.xcassets in Resources */ = {isa = PBXBuildFile; fileRef = A6E1F51A24AED2EB009C3A22 /* Assets.xcassets */; };
		A6E1F51E24AED2EB009C3A22 /* Main.storyboard in Resources */ = {isa = PBXBuildFile; fileRef = A6E1F51C24AED2EB009C3A22 /* Main.storyboard */; };
		A6E1F52A24AED306009C3A22 /* OpenGL.framework in Frameworks */ = {isa = PBXBuildFile; fileRef = A6E1F52924AED306009C3A22 /* OpenGL.framework */; };
		A6E1F52C24AED30B009C3A22 /* GLUT.framework in Frameworks */ = {isa = PBXBuildFile; fileRef = A6E1F52B24AED30B009C3A22 /* GLUT.framework */; };
		A6E1F52E24AED312009C3A22 /* libGLTools.a in Frameworks */ = {isa = PBXBuildFile; fileRef = A6E1F52D24AED312009C3A22 /* libGLTools.a */; };
		A6E1F54024AED32E009C3A22 /* main.cpp in Sources */ = {isa = PBXBuildFile; fileRef = A6E1F53F24AED32E009C3A22 /* main.cpp */; };
/* End PBXBuildFile section */

/* Begin PBXFileReference section */
		A6E1F51124AED2E8009C3A22 /* OpenGL_Demo.app */ = {isa = PBXFileReference; explicitFileType = wrapper.application; includeInIndex = 0; path = OpenGL_Demo.app; sourceTree = BUILT_PRODUCTS_DIR; };
		A6E1F51A24AED2EB009C3A22 /* Assets.xcassets */ = {isa = PBXFileReference; lastKnownFileType = folder.assetcatalog; path = Assets.xcassets; sourceTree = "<group>"; };
		A6E1F51D24AED2EB009C3A22 /* Base */ = {isa = PBXFileReference; lastKnownFileType = file.storyboard; name = Base; path = Base.lproj/Main.storyboard; sourceTree = "<group>"; };
		A6E1F51F24AED2EB009C3A22 /* Info.plist */ = {isa = PBXFileReference; lastKnownFileType = text.plist.xml; path = Info.plist; sourceTree = "<group>"; };
		A6E1F52224AED2EB009C3A22 /* OpenGL_Demo.entitlements */ = {isa = PBXFileReference; lastKnownFileType = text.plist.entitlements; path = OpenGL_Demo.entitlements; sourceTree = "<group>"; };
		A6E1F52924AED306009C3A22 /* OpenGL.framework */ = {isa = PBXFileReference; lastKnownFileType = wrapper.framework; name = OpenGL.framework; path = System/Library/Frameworks/OpenGL.framework; sourceTree = SDKROOT; };
		A6E1F52B24AED30B009C3A22 /* GLUT.framework */ = {isa = PBXFileReference; lastKnownFileType = wrapper.framework; name = GLUT.framework; path = System/Library/Frameworks/GLUT.framework; sourceTree = SDKROOT; };
		A6E1F52D24AED312009C3A22 /* libGLTools.a */ = {isa = PBXFileReference; lastKnownFileType = archive.ar; path = libGLTools.a; sourceTree = "<group>"; };
		A6E1F53024AED317009C3A22 /* GLBatchBase.h */ = {isa = PBXFileReference; fileEncoding = 4; lastKnownFileType = sourcecode.c.h; path = GLBatchBase.h; sourceTree = "<group>"; };
		A6E1F53124AED317009C3A22 /* math3d.h */ = {isa = PBXFileReference; fileEncoding = 4; lastKnownFileType = sourcecode.c.h; path = math3d.h; sourceTree = "<group>"; };
		A6E1F53224AED317009C3A22 /* GLTriangleBatch.h */ = {isa = PBXFileReference; fileEncoding = 4; lastKnownFileType = sourcecode.c.h; path = GLTriangleBatch.h; sourceTree = "<group>"; };
		A6E1F53324AED317009C3A22 /* GLBatch.h */ = {isa = PBXFileReference; fileEncoding = 4; lastKnownFileType = sourcecode.c.h; path = GLBatch.h; sourceTree = "<group>"; };
		A6E1F53424AED317009C3A22 /* GLMatrixStack.h */ = {isa = PBXFileReference; fileEncoding = 4; lastKnownFileType = sourcecode.c.h; path = GLMatrixStack.h; sourceTree = "<group>"; };
		A6E1F53524AED317009C3A22 /* GLFrame.h */ = {isa = PBXFileReference; fileEncoding = 4; lastKnownFileType = sourcecode.c.h; path = GLFrame.h; sourceTree = "<group>"; };
		A6E1F53624AED317009C3A22 /* GLFrustum.h */ = {isa = PBXFileReference; fileEncoding = 4; lastKnownFileType = sourcecode.c.h; path = GLFrustum.h; sourceTree = "<group>"; };
		A6E1F53724AED317009C3A22 /* GLGeometryTransform.h */ = {isa = PBXFileReference; fileEncoding = 4; lastKnownFileType = sourcecode.c.h; path = GLGeometryTransform.h; sourceTree = "<group>"; };
		A6E1F53824AED317009C3A22 /* GLShaderManager.h */ = {isa = PBXFileReference; fileEncoding = 4; lastKnownFileType = sourcecode.c.h; path = GLShaderManager.h; sourceTree = "<group>"; };
		A6E1F53924AED317009C3A22 /* StopWatch.h */ = {isa = PBXFileReference; fileEncoding = 4; lastKnownFileType = sourcecode.c.h; path = StopWatch.h; sourceTree = "<group>"; };
		A6E1F53B24AED317009C3A22 /* glxew.h */ = {isa = PBXFileReference; fileEncoding = 4; lastKnownFileType = sourcecode.c.h; path = glxew.h; sourceTree = "<group>"; };
		A6E1F53C24AED317009C3A22 /* wglew.h */ = {isa = PBXFileReference; fileEncoding = 4; lastKnownFileType = sourcecode.c.h; path = wglew.h; sourceTree = "<group>"; };
		A6E1F53D24AED317009C3A22 /* glew.h */ = {isa = PBXFileReference; fileEncoding = 4; lastKnownFileType = sourcecode.c.h; path = glew.h; sourceTree = "<group>"; };
		A6E1F53E24AED317009C3A22 /* GLTools.h */ = {isa = PBXFileReference; fileEncoding = 4; lastKnownFileType = sourcecode.c.h; path = GLTools.h; sourceTree = "<group>"; };
		A6E1F53F24AED32E009C3A22 /* main.cpp */ = {isa = PBXFileReference; fileEncoding = 4; lastKnownFileType = sourcecode.cpp.cpp; path = main.cpp; sourceTree = "<group>"; };
/* End PBXFileReference section */

/* Begin PBXFrameworksBuildPhase section */
		A6E1F50E24AED2E8009C3A22 /* Frameworks */ = {
			isa = PBXFrameworksBuildPhase;
			buildActionMask = 2147483647;
			files = (
				A6E1F52E24AED312009C3A22 /* libGLTools.a in Frameworks */,
				A6E1F52C24AED30B009C3A22 /* GLUT.framework in Frameworks */,
				A6E1F52A24AED306009C3A22 /* OpenGL.framework in Frameworks */,
			);
			runOnlyForDeploymentPostprocessing = 0;
		};
/* End PBXFrameworksBuildPhase section */

/* Begin PBXGroup section */
		A6E1F50824AED2E8009C3A22 = {
			isa = PBXGroup;
			children = (
				A6E1F51324AED2E8009C3A22 /* OpenGL_Demo */,
				A6E1F51224AED2E8009C3A22 /* Products */,
				A6E1F52824AED306009C3A22 /* Frameworks */,
			);
			sourceTree = "<group>";
		};
		A6E1F51224AED2E8009C3A22 /* Products */ = {
			isa = PBXGroup;
			children = (
				A6E1F51124AED2E8009C3A22 /* OpenGL_Demo.app */,
			);
			name = Products;
			sourceTree = "<group>";
		};
		A6E1F51324AED2E8009C3A22 /* OpenGL_Demo */ = {
			isa = PBXGroup;
			children = (
				A6E1F52F24AED317009C3A22 /* include */,
				A6E1F51A24AED2EB009C3A22 /* Assets.xcassets */,
				A6E1F51C24AED2EB009C3A22 /* Main.storyboard */,
				A6E1F51F24AED2EB009C3A22 /* Info.plist */,
				A6E1F53F24AED32E009C3A22 /* main.cpp */,
				A6E1F52224AED2EB009C3A22 /* OpenGL_Demo.entitlements */,
			);
			path = OpenGL_Demo;
			sourceTree = "<group>";
		};
		A6E1F52824AED306009C3A22 /* Frameworks */ = {
			isa = PBXGroup;
			children = (
				A6E1F52D24AED312009C3A22 /* libGLTools.a */,
				A6E1F52B24AED30B009C3A22 /* GLUT.framework */,
				A6E1F52924AED306009C3A22 /* OpenGL.framework */,
			);
			name = Frameworks;
			sourceTree = "<group>";
		};
		A6E1F52F24AED317009C3A22 /* include */ = {
			isa = PBXGroup;
			children = (
				A6E1F53024AED317009C3A22 /* GLBatchBase.h */,
				A6E1F53124AED317009C3A22 /* math3d.h */,
				A6E1F53224AED317009C3A22 /* GLTriangleBatch.h */,
				A6E1F53324AED317009C3A22 /* GLBatch.h */,
				A6E1F53424AED317009C3A22 /* GLMatrixStack.h */,
				A6E1F53524AED317009C3A22 /* GLFrame.h */,
				A6E1F53624AED317009C3A22 /* GLFrustum.h */,
				A6E1F53724AED317009C3A22 /* GLGeometryTransform.h */,
				A6E1F53824AED317009C3A22 /* GLShaderManager.h */,
				A6E1F53924AED317009C3A22 /* StopWatch.h */,
				A6E1F53A24AED317009C3A22 /* GL */,
				A6E1F53E24AED317009C3A22 /* GLTools.h */,
			);
			path = include;
			sourceTree = "<group>";
		};
		A6E1F53A24AED317009C3A22 /* GL */ = {
			isa = PBXGroup;
			children = (
				A6E1F53B24AED317009C3A22 /* glxew.h */,
				A6E1F53C24AED317009C3A22 /* wglew.h */,
				A6E1F53D24AED317009C3A22 /* glew.h */,
			);
			path = GL;
			sourceTree = "<group>";
		};
/* End PBXGroup section */

/* Begin PBXNativeTarget section */
		A6E1F51024AED2E8009C3A22 /* OpenGL_Demo */ = {
			isa = PBXNativeTarget;
			buildConfigurationList = A6E1F52524AED2EB009C3A22 /* Build configuration list for PBXNativeTarget "OpenGL_Demo" */;
			buildPhases = (
				A6E1F50D24AED2E8009C3A22 /* Sources */,
				A6E1F50E24AED2E8009C3A22 /* Frameworks */,
				A6E1F50F24AED2E8009C3A22 /* Resources */,
			);
			buildRules = (
			);
			dependencies = (
			);
			name = OpenGL_Demo;
			productName = OpenGL_Demo;
			productReference = A6E1F51124AED2E8009C3A22 /* OpenGL_Demo.app */;
			productType = "com.apple.product-type.application";
		};
/* End PBXNativeTarget section */

/* Begin PBXProject section */
		A6E1F50924AED2E8009C3A22 /* Project object */ = {
			isa = PBXProject;
			attributes = {
				LastUpgradeCheck = 1150;
				ORGANIZATIONNAME = "dianchou-ios";
				TargetAttributes = {
					A6E1F51024AED2E8009C3A22 = {
						CreatedOnToolsVersion = 11.5;
					};
				};
			};
			buildConfigurationList = A6E1F50C24AED2E8009C3A22 /* Build configuration list for PBXProject "OpenGL_Demo" */;
			compatibilityVersion = "Xcode 9.3";
			developmentRegion = en;
			hasScannedForEncodings = 0;
			knownRegions = (
				en,
				Base,
			);
			mainGroup = A6E1F50824AED2E8009C3A22;
			productRefGroup = A6E1F51224AED2E8009C3A22 /* Products */;
			projectDirPath = "";
			projectRoot = "";
			targets = (
				A6E1F51024AED2E8009C3A22 /* OpenGL_Demo */,
			);
		};
/* End PBXProject section */

/* Begin PBXResourcesBuildPhase section */
		A6E1F50F24AED2E8009C3A22 /* Resources */ = {
			isa = PBXResourcesBuildPhase;
			buildActionMask = 2147483647;
			files = (
				A6E1F51B24AED2EB009C3A22 /* Assets.xcassets in Resources */,
				A6E1F51E24AED2EB009C3A22 /* Main.storyboard in Resources */,
			);
			runOnlyForDeploymentPostprocessing = 0;
		};
/* End PBXResourcesBuildPhase section */

/* Begin PBXSourcesBuildPhase section */
		A6E1F50D24AED2E8009C3A22 /* Sources */ = {
			isa = PBXSourcesBuildPhase;
			buildActionMask = 2147483647;
			files = (
				A6E1F54024AED32E009C3A22 /* main.cpp in Sources */,
			);
			runOnlyForDeploymentPostprocessing = 0;
		};
/* End PBXSourcesBuildPhase section */

/* Begin PBXVariantGroup section */
		A6E1F51C24AED2EB009C3A22 /* Main.storyboard */ = {
			isa = PBXVariantGroup;
			children = (
				A6E1F51D24AED2EB009C3A22 /* Base */,
			);
			name = Main.storyboard;
			sourceTree = "<group>";
		};
/* End PBXVariantGroup section */

/* Begin XCBuildConfiguration section */
		A6E1F52324AED2EB009C3A22 /* Debug */ = {
			isa = XCBuildConfiguration;
			buildSettings = {
				ALWAYS_SEARCH_USER_PATHS = NO;
				CLANG_ANALYZER_NONNULL = YES;
				CLANG_ANALYZER_NUMBER_OBJECT_CONVERSION = YES_AGGRESSIVE;
				CLANG_CXX_LANGUAGE_STANDARD = "gnu++14";
				CLANG_CXX_LIBRARY = "libc++";
				CLANG_ENABLE_MODULES = YES;
				CLANG_ENABLE_OBJC_ARC = YES;
				CLANG_ENABLE_OBJC_WEAK = YES;
				CLANG_WARN_BLOCK_CAPTURE_AUTORELEASING = YES;
				CLANG_WARN_BOOL_CONVERSION = YES;
				CLANG_WARN_COMMA = YES;
				CLANG_WARN_CONSTANT_CONVERSION = YES;
				CLANG_WARN_DEPRECATED_OBJC_IMPLEMENTATIONS = YES;
				CLANG_WARN_DIRECT_OBJC_ISA_USAGE = YES_ERROR;
				CLANG_WARN_DOCUMENTATION_COMMENTS = YES;
				CLANG_WARN_EMPTY_BODY = YES;
				CLANG_WARN_ENUM_CONVERSION = YES;
				CLANG_WARN_INFINITE_RECURSION = YES;
				CLANG_WARN_INT_CONVERSION = YES;
				CLANG_WARN_NON_LITERAL_NULL_CONVERSION = YES;
				CLANG_WARN_OBJC_IMPLICIT_RETAIN_SELF = YES;
				CLANG_WARN_OBJC_LITERAL_CONVERSION = YES;
				CLANG_WARN_OBJC_ROOT_CLASS = YES_ERROR;
				CLANG_WARN_RANGE_LOOP_ANALYSIS = YES;
				CLANG_WARN_STRICT_PROTOTYPES = YES;
				CLANG_WARN_SUSPICIOUS_MOVE = YES;
				CLANG_WARN_UNGUARDED_AVAILABILITY = YES_AGGRESSIVE;
				CLANG_WARN_UNREACHABLE_CODE = YES;
				CLANG_WARN__DUPLICATE_METHOD_MATCH = YES;
				COPY_PHASE_STRIP = NO;
				DEBUG_INFORMATION_FORMAT = dwarf;
				ENABLE_STRICT_OBJC_MSGSEND = YES;
				ENABLE_TESTABILITY = YES;
				GCC_C_LANGUAGE_STANDARD = gnu11;
				GCC_DYNAMIC_NO_PIC = NO;
				GCC_NO_COMMON_BLOCKS = YES;
				GCC_OPTIMIZATION_LEVEL = 0;
				GCC_PREPROCESSOR_DEFINITIONS = (
					"DEBUG=1",
					"$(inherited)",
				);
				GCC_WARN_64_TO_32_BIT_CONVERSION = YES;
				GCC_WARN_ABOUT_RETURN_TYPE = YES_ERROR;
				GCC_WARN_UNDECLARED_SELECTOR = YES;
				GCC_WARN_UNINITIALIZED_AUTOS = YES_AGGRESSIVE;
				GCC_WARN_UNUSED_FUNCTION = YES;
				GCC_WARN_UNUSED_VARIABLE = YES;
				MACOSX_DEPLOYMENT_TARGET = 10.15;
				MTL_ENABLE_DEBUG_INFO = INCLUDE_SOURCE;
				MTL_FAST_MATH = YES;
				ONLY_ACTIVE_ARCH = YES;
				SDKROOT = macosx;
			};
			name = Debug;
		};
		A6E1F52424AED2EB009C3A22 /* Release */ = {
			isa = XCBuildConfiguration;
			buildSettings = {
				ALWAYS_SEARCH_USER_PATHS = NO;
				CLANG_ANALYZER_NONNULL = YES;
				CLANG_ANALYZER_NUMBER_OBJECT_CONVERSION = YES_AGGRESSIVE;
				CLANG_CXX_LANGUAGE_STANDARD = "gnu++14";
				CLANG_CXX_LIBRARY = "libc++";
				CLANG_ENABLE_MODULES = YES;
				CLANG_ENABLE_OBJC_ARC = YES;
				CLANG_ENABLE_OBJC_WEAK = YES;
				CLANG_WARN_BLOCK_CAPTURE_AUTORELEASING = YES;
				CLANG_WARN_BOOL_CONVERSION = YES;
				CLANG_WARN_COMMA = YES;
				CLANG_WARN_CONSTANT_CONVERSION = YES;
				CLANG_WARN_DEPRECATED_OBJC_IMPLEMENTATIONS = YES;
				CLANG_WARN_DIRECT_OBJC_ISA_USAGE = YES_ERROR;
				CLANG_WARN_DOCUMENTATION_COMMENTS = YES;
				CLANG_WARN_EMPTY_BODY = YES;
				CLANG_WARN_ENUM_CONVERSION = YES;
				CLANG_WARN_INFINITE_RECURSION = YES;
				CLANG_WARN_INT_CONVERSION = YES;
				CLANG_WARN_NON_LITERAL_NULL_CONVERSION = YES;
				CLANG_WARN_OBJC_IMPLICIT_RETAIN_SELF = YES;
				CLANG_WARN_OBJC_LITERAL_CONVERSION = YES;
				CLANG_WARN_OBJC_ROOT_CLASS = YES_ERROR;
				CLANG_WARN_RANGE_LOOP_ANALYSIS = YES;
				CLANG_WARN_STRICT_PROTOTYPES = YES;
				CLANG_WARN_SUSPICIOUS_MOVE = YES;
				CLANG_WARN_UNGUARDED_AVAILABILITY = YES_AGGRESSIVE;
				CLANG_WARN_UNREACHABLE_CODE = YES;
				CLANG_WARN__DUPLICATE_METHOD_MATCH = YES;
				COPY_PHASE_STRIP = NO;
				DEBUG_INFORMATION_FORMAT = "dwarf-with-dsym";
				ENABLE_NS_ASSERTIONS = NO;
				ENABLE_STRICT_OBJC_MSGSEND = YES;
				GCC_C_LANGUAGE_STANDARD = gnu11;
				GCC_NO_COMMON_BLOCKS = YES;
				GCC_WARN_64_TO_32_BIT_CONVERSION = YES;
				GCC_WARN_ABOUT_RETURN_TYPE = YES_ERROR;
				GCC_WARN_UNDECLARED_SELECTOR = YES;
				GCC_WARN_UNINITIALIZED_AUTOS = YES_AGGRESSIVE;
				GCC_WARN_UNUSED_FUNCTION = YES;
				GCC_WARN_UNUSED_VARIABLE = YES;
				MACOSX_DEPLOYMENT_TARGET = 10.15;
				MTL_ENABLE_DEBUG_INFO = NO;
				MTL_FAST_MATH = YES;
				SDKROOT = macosx;
			};
			name = Release;
		};
		A6E1F52624AED2EB009C3A22 /* Debug */ = {
			isa = XCBuildConfiguration;
			buildSettings = {
				ASSETCATALOG_COMPILER_APPICON_NAME = AppIcon;
				CODE_SIGN_ENTITLEMENTS = OpenGL_Demo/OpenGL_Demo.entitlements;
				CODE_SIGN_STYLE = Automatic;
				COMBINE_HIDPI_IMAGES = YES;
				HEADER_SEARCH_PATHS = "\"$(SRCROOT)/OpenGL_Demo/include\"";
				INFOPLIST_FILE = OpenGL_Demo/Info.plist;
				LD_RUNPATH_SEARCH_PATHS = (
					"$(inherited)",
					"@executable_path/../Frameworks",
				);
				LIBRARY_SEARCH_PATHS = (
					"$(inherited)",
					"$(PROJECT_DIR)",
				);
				PRODUCT_BUNDLE_IDENTIFIER = "com.module.www.OpenGL-Demo";
				PRODUCT_NAME = "$(TARGET_NAME)";
			};
			name = Debug;
		};
		A6E1F52724AED2EB009C3A22 /* Release */ = {
			isa = XCBuildConfiguration;
			buildSettings = {
				ASSETCATALOG_COMPILER_APPICON_NAME = AppIcon;
				CODE_SIGN_ENTITLEMENTS = OpenGL_Demo/OpenGL_Demo.entitlements;
				CODE_SIGN_STYLE = Automatic;
				COMBINE_HIDPI_IMAGES = YES;
				HEADER_SEARCH_PATHS = "\"$(SRCROOT)/OpenGL_Demo/include\"";
				INFOPLIST_FILE = OpenGL_Demo/Info.plist;
				LD_RUNPATH_SEARCH_PATHS = (
					"$(inherited)",
					"@executable_path/../Frameworks",
				);
				LIBRARY_SEARCH_PATHS = (
					"$(inherited)",
					"$(PROJECT_DIR)",
				);
				PRODUCT_BUNDLE_IDENTIFIER = "com.module.www.OpenGL-Demo";
				PRODUCT_NAME = "$(TARGET_NAME)";
			};
			name = Release;
		};
/* End XCBuildConfiguration section */

/* Begin XCConfigurationList section */
		A6E1F50C24AED2E8009C3A22 /* Build configuration list for PBXProject "OpenGL_Demo" */ = {
			isa = XCConfigurationList;
			buildConfigurations = (
				A6E1F52324AED2EB009C3A22 /* Debug */,
				A6E1F52424AED2EB009C3A22 /* Release */,
			);
			defaultConfigurationIsVisible = 0;
			defaultConfigurationName = Release;
		};
		A6E1F52524AED2EB009C3A22 /* Build configuration list for PBXNativeTarget "OpenGL_Demo" */ = {
			isa = XCConfigurationList;
			buildConfigurations = (
				A6E1F52624AED2EB009C3A22 /* Debug */,
				A6E1F52724AED2EB009C3A22 /* Release */,
			);
			defaultConfigurationIsVisible = 0;
			defaultConfigurationName = Release;
		};
/* End XCConfigurationList section */
	};
	rootObject = A6E1F50924AED2E8009C3A22 /* Project object */;
}
